{
  "version": 4,
  "terraform_version": "1.10.5",
  "serial": 31,
  "lineage": "7f5c24db-d3af-ad75-8a6f-c8cc00229427",
  "outputs": {
    "ec2_instance_details": {
      "value": {
        "ec2-id": "i-0149549d3629974b1",
        "ec2-private-ip": "172.31.21.196",
        "ec2-public-ip": "54.205.115.47"
      },
      "type": [
        "object",
        {
          "ec2-id": "string",
          "ec2-private-ip": "string",
          "ec2-public-ip": "string"
        }
      ]
    },
    "s3_bucket_details": {
      "value": {
        "bucket_name": "deploy-all-35144"
      },
      "type": [
        "object",
        {
          "bucket_name": "string"
        }
      ]
    }
  },
  "resources": [
    {
      "mode": "managed",
      "type": "local_file",
      "name": "inventoryForAnsible",
      "provider": "provider[\"registry.terraform.io/hashicorp/local\"]",
      "instances": [
        {
          "schema_version": 0,
          "attributes": {
            "content": "[ec2]\n54.205.115.47 ansible_ssh_user=ec2-user ansible_ssh_private_key_file= key-pair-ec2\n",
            "content_base64": null,
            "content_base64sha256": "l9S2KBhA9i6SwalVmJZaRksPZgFYK+jPVUW+SSu3IJc=",
            "content_base64sha512": "PyaN3FVyc7SSfDLc2+sjB3g027Y4KSYqRJ72CYNzN8vwdkCgWzovzT/b/v1GU0afOWE5odO8xZJFFuKOLo15cw==",
            "content_md5": "548234040aa1fa91dbc35f1d5ed0f7d9",
            "content_sha1": "132a3ab43726e1b1cf8a69c301fb8aa0bba9afce",
            "content_sha256": "97d4b6281840f62e92c1a95598965a464b0f6601582be8cf5545be492bb72097",
            "content_sha512": "3f268ddc557273b4927c32dcdbeb23077834dbb63829262a449ef609837337cbf07640a05b3a2fcd3fdbfefd4653469f396139a1d3bcc5924516e28e2e8d7973",
            "directory_permission": "0777",
            "file_permission": "0777",
            "filename": "./../ansible/inventory",
            "id": "132a3ab43726e1b1cf8a69c301fb8aa0bba9afce",
            "sensitive_content": null,
            "source": null
          },
          "sensitive_attributes": [
            [
              {
                "type": "get_attr",
                "value": "sensitive_content"
              }
            ]
          ],
          "dependencies": [
            "module.ec2.aws_instance.inst",
            "module.ec2.aws_key_pair.keypair",
            "module.ec2.aws_security_group.ec2"
          ]
        }
      ]
    },
    {
      "mode": "managed",
      "type": "local_file",
      "name": "output_file",
      "provider": "provider[\"registry.terraform.io/hashicorp/local\"]",
      "instances": [
        {
          "schema_version": 0,
          "attributes": {
            "content": "EC2 Instance Details:\n  Instance ID: i-0149549d3629974b1\n  Public IP: 54.205.115.47\n  Private IP: 172.31.21.196\n\nS3 Bucket Details:\n  Bucket Name: deploy-all-35144\n\nCreation Time:\n  2025-01-28T09:31:01Z\n",
            "content_base64": null,
            "content_base64sha256": "IVvqID+2EPo9U4wmWUj/EAfWGj/CcFIOOHcxs6mzwpU=",
            "content_base64sha512": "fzFKWMkdZLOWmI0Rvp99XvX7X5h+Y6hyLDp2XgTBT6EVSDoiQc9Ta7vkq9N+qflZ94KpFNcJqireV3qLqLA/5A==",
            "content_md5": "b6cf5778a2e514289215ed0bd47d4f9b",
            "content_sha1": "f9bfe6298349b700f8a0a0fb9ca311f63df4bbef",
            "content_sha256": "215bea203fb610fa3d538c265948ff1007d61a3fc270520e387731b3a9b3c295",
            "content_sha512": "7f314a58c91d64b396988d11be9f7d5ef5fb5f987e63a8722c3a765e04c14fa115483a2241cf536bbbe4abd37ea9f959f782a914d709aa2ade577a8ba8b03fe4",
            "directory_permission": "0777",
            "file_permission": "0777",
            "filename": "./aws_details/output.txt",
            "id": "f9bfe6298349b700f8a0a0fb9ca311f63df4bbef",
            "sensitive_content": null,
            "source": null
          },
          "sensitive_attributes": [
            [
              {
                "type": "get_attr",
                "value": "sensitive_content"
              }
            ]
          ],
          "dependencies": [
            "module.ec2.aws_instance.inst",
            "module.ec2.aws_key_pair.keypair",
            "module.ec2.aws_security_group.ec2",
            "module.s3.aws_s3_bucket.s3"
          ]
        }
      ]
    },
    {
      "module": "module.ec2",
      "mode": "managed",
      "type": "aws_instance",
      "name": "inst",
      "provider": "provider[\"registry.terraform.io/hashicorp/aws\"]",
      "instances": [
        {
          "schema_version": 1,
          "attributes": {
            "ami": "ami-0ac4dfaf1c5c0cce9",
            "arn": "arn:aws:ec2:us-east-1:886436927954:instance/i-0149549d3629974b1",
            "associate_public_ip_address": true,
            "availability_zone": "us-east-1a",
            "capacity_reservation_specification": [
              {
                "capacity_reservation_preference": "open",
                "capacity_reservation_target": []
              }
            ],
            "cpu_core_count": 1,
            "cpu_options": [
              {
                "amd_sev_snp": "",
                "core_count": 1,
                "threads_per_core": 1
              }
            ],
            "cpu_threads_per_core": 1,
            "credit_specification": [
              {
                "cpu_credits": "standard"
              }
            ],
            "disable_api_stop": false,
            "disable_api_termination": false,
            "ebs_block_device": [],
            "ebs_optimized": false,
            "enable_primary_ipv6": null,
            "enclave_options": [
              {
                "enabled": false
              }
            ],
            "ephemeral_block_device": [],
            "get_password_data": false,
            "hibernation": false,
            "host_id": "",
            "host_resource_group_arn": null,
            "iam_instance_profile": "",
            "id": "i-0149549d3629974b1",
            "instance_initiated_shutdown_behavior": "stop",
            "instance_lifecycle": "",
            "instance_market_options": [],
            "instance_state": "running",
            "instance_type": "t2.micro",
            "ipv6_address_count": 0,
            "ipv6_addresses": [],
            "key_name": "mykeypair",
            "launch_template": [],
            "maintenance_options": [
              {
                "auto_recovery": "default"
              }
            ],
            "metadata_options": [
              {
                "http_endpoint": "enabled",
                "http_protocol_ipv6": "disabled",
                "http_put_response_hop_limit": 2,
                "http_tokens": "required",
                "instance_metadata_tags": "disabled"
              }
            ],
            "monitoring": false,
            "network_interface": [],
            "outpost_arn": "",
            "password_data": "",
            "placement_group": "",
            "placement_partition_number": 0,
            "primary_network_interface_id": "eni-03c82a6bccf0ffcb2",
            "private_dns": "ip-172-31-21-196.ec2.internal",
            "private_dns_name_options": [
              {
                "enable_resource_name_dns_a_record": false,
                "enable_resource_name_dns_aaaa_record": false,
                "hostname_type": "ip-name"
              }
            ],
            "private_ip": "172.31.21.196",
            "public_dns": "ec2-54-205-115-47.compute-1.amazonaws.com",
            "public_ip": "54.205.115.47",
            "root_block_device": [
              {
                "delete_on_termination": true,
                "device_name": "/dev/xvda",
                "encrypted": false,
                "iops": 3000,
                "kms_key_id": "",
                "tags": {},
                "tags_all": {},
                "throughput": 125,
                "volume_id": "vol-076decb8191f5533d",
                "volume_size": 8,
                "volume_type": "gp3"
              }
            ],
            "secondary_private_ips": [],
            "security_groups": [
              "ec2"
            ],
            "source_dest_check": true,
            "spot_instance_request_id": "",
            "subnet_id": "subnet-0f3b00f5579f6dd0b",
            "tags": {
              "Desc": "Terraform EC2 instance",
              "Name": "deploy-all"
            },
            "tags_all": {
              "Desc": "Terraform EC2 instance",
              "Name": "deploy-all"
            },
            "tenancy": "default",
            "timeouts": null,
            "user_data": null,
            "user_data_base64": null,
            "user_data_replace_on_change": false,
            "volume_tags": null,
            "vpc_security_group_ids": [
              "sg-01fe29c2c05ea2f0b"
            ]
          },
          "sensitive_attributes": [],
          "private": "eyJlMmJmYjczMC1lY2FhLTExZTYtOGY4OC0zNDM2M2JjN2M0YzAiOnsiY3JlYXRlIjo2MDAwMDAwMDAwMDAsImRlbGV0ZSI6MTIwMDAwMDAwMDAwMCwicmVhZCI6OTAwMDAwMDAwMDAwLCJ1cGRhdGUiOjYwMDAwMDAwMDAwMH0sInNjaGVtYV92ZXJzaW9uIjoiMSJ9",
          "dependencies": [
            "module.ec2.aws_key_pair.keypair",
            "module.ec2.aws_security_group.ec2"
          ]
        }
      ]
    },
    {
      "module": "module.ec2",
      "mode": "managed",
      "type": "aws_key_pair",
      "name": "keypair",
      "provider": "provider[\"registry.terraform.io/hashicorp/aws\"]",
      "instances": [
        {
          "schema_version": 1,
          "attributes": {
            "arn": "arn:aws:ec2:us-east-1:886436927954:key-pair/mykeypair",
            "fingerprint": "cb:57:8b:16:7c:f0:f4:72:df:81:b5:21:ea:4c:42:b0",
            "id": "mykeypair",
            "key_name": "mykeypair",
            "key_name_prefix": "",
            "key_pair_id": "key-01f9ccd2228964d1e",
            "key_type": "rsa",
            "public_key": "ssh-rsa AAAAB3NzaC1yc2EAAAADAQABAAACAQDvbyVi1KFVb3O9cBlDS+zMhm0RrVHdzUHbr5zo/fLx9MqNr8Zkn0i4rJdA3/mNY+671ZJdhHEMe33u2+EkTk+Sjxrhv/QLTHeOeCaSZsF2Iyz/kgQcUrluJJe9H5JvP6244jeloh6/pTk1FQV+clB4lhbDBnhZsM/+5Cj9WQSHvq2egUse8BO5UYN2I3e2Rpu95rtv8CmXVuXT9rj0gZ9mNAa9LxRSEIbYJf5z3QC23J3nfF0/9gSEWrv2M6yoX5TBAQ/nlJK1F1kp9pANH+tQDwSQRM4ZlE36crB/NN2MKWeP/9I2/fQJvu4JmpnHLIeCVSCJcW2ItVklExbt/f83uJ8rp4H5WK4OJ7hj/fovqH3NlbozAyjqoZpyV7F0Flh6XGkTzWqNVpgsLtZka91sLNau4PhhmAFIm6GEZ5GiqsXm4lecrFTu8EIeGu4+8K5xTKtHbYNSir6ByTyWZV6Wyr1eNPIgm4MJIfVsNRl2tUS5GinmdLq8aVUYCmxb1T02cJ8nPMzYg8kXScb7xpuU065xGgCcgPf8vqwfgZ7PI09gLWLG/LHfGTZo2qNy7+rR2uKfGEU6F2hk0AvBQG1q0Pwkz0LSOQGoc5PPAAeifljf5faPHxenBrrKXoARo3o9oq2JSS/QVjYKZAauKuAqRZwLSqSXvZyFAWuOTWUWTQ== shivaram@Shivarams-MacBook-Air-2.local",
            "tags": null,
            "tags_all": {}
          },
          "sensitive_attributes": [],
          "private": "eyJzY2hlbWFfdmVyc2lvbiI6IjEifQ=="
        }
      ]
    },
    {
      "module": "module.ec2",
      "mode": "managed",
      "type": "aws_security_group",
      "name": "ec2",
      "provider": "provider[\"registry.terraform.io/hashicorp/aws\"]",
      "instances": [
        {
          "schema_version": 1,
          "attributes": {
            "arn": "arn:aws:ec2:us-east-1:886436927954:security-group/sg-01fe29c2c05ea2f0b",
            "description": "ec2 security group",
            "egress": [],
            "id": "sg-01fe29c2c05ea2f0b",
            "ingress": [],
            "name": "ec2",
            "name_prefix": "",
            "owner_id": "886436927954",
            "revoke_rules_on_delete": false,
            "tags": {
              "Name": "ec2"
            },
            "tags_all": {
              "Name": "ec2"
            },
            "timeouts": null,
            "vpc_id": "vpc-010d7a8657089e1b8"
          },
          "sensitive_attributes": [],
          "private": "eyJlMmJmYjczMC1lY2FhLTExZTYtOGY4OC0zNDM2M2JjN2M0YzAiOnsiY3JlYXRlIjo2MDAwMDAwMDAwMDAsImRlbGV0ZSI6OTAwMDAwMDAwMDAwfSwic2NoZW1hX3ZlcnNpb24iOiIxIn0="
        }
      ]
    },
    {
      "module": "module.ec2",
      "mode": "managed",
      "type": "aws_vpc_security_group_egress_rule",
      "name": "allowalloutbound_ipv4",
      "provider": "provider[\"registry.terraform.io/hashicorp/aws\"]",
      "instances": [
        {
          "schema_version": 0,
          "attributes": {
            "arn": "arn:aws:ec2:us-east-1:886436927954:security-group-rule/sgr-05d34aca77cab7b44",
            "cidr_ipv4": "0.0.0.0/0",
            "cidr_ipv6": null,
            "description": null,
            "from_port": null,
            "id": "sgr-05d34aca77cab7b44",
            "ip_protocol": "-1",
            "prefix_list_id": null,
            "referenced_security_group_id": null,
            "security_group_id": "sg-01fe29c2c05ea2f0b",
            "security_group_rule_id": "sgr-05d34aca77cab7b44",
            "tags": null,
            "tags_all": {},
            "to_port": null
          },
          "sensitive_attributes": [],
          "dependencies": [
            "module.ec2.aws_security_group.ec2"
          ]
        }
      ]
    },
    {
      "module": "module.ec2",
      "mode": "managed",
      "type": "aws_vpc_security_group_egress_rule",
      "name": "allowalloutbound_ipv6",
      "provider": "provider[\"registry.terraform.io/hashicorp/aws\"]",
      "instances": [
        {
          "schema_version": 0,
          "attributes": {
            "arn": "arn:aws:ec2:us-east-1:886436927954:security-group-rule/sgr-0f1067dd247105871",
            "cidr_ipv4": null,
            "cidr_ipv6": "::/0",
            "description": null,
            "from_port": null,
            "id": "sgr-0f1067dd247105871",
            "ip_protocol": "-1",
            "prefix_list_id": null,
            "referenced_security_group_id": null,
            "security_group_id": "sg-01fe29c2c05ea2f0b",
            "security_group_rule_id": "sgr-0f1067dd247105871",
            "tags": null,
            "tags_all": {},
            "to_port": null
          },
          "sensitive_attributes": [],
          "dependencies": [
            "module.ec2.aws_security_group.ec2"
          ]
        }
      ]
    },
    {
      "module": "module.ec2",
      "mode": "managed",
      "type": "aws_vpc_security_group_ingress_rule",
      "name": "allowhttp",
      "provider": "provider[\"registry.terraform.io/hashicorp/aws\"]",
      "instances": [
        {
          "schema_version": 0,
          "attributes": {
            "arn": "arn:aws:ec2:us-east-1:886436927954:security-group-rule/sgr-07d416923b54e0ec8",
            "cidr_ipv4": "0.0.0.0/0",
            "cidr_ipv6": null,
            "description": null,
            "from_port": 80,
            "id": "sgr-07d416923b54e0ec8",
            "ip_protocol": "tcp",
            "prefix_list_id": null,
            "referenced_security_group_id": null,
            "security_group_id": "sg-01fe29c2c05ea2f0b",
            "security_group_rule_id": "sgr-07d416923b54e0ec8",
            "tags": null,
            "tags_all": {},
            "to_port": 80
          },
          "sensitive_attributes": [],
          "dependencies": [
            "module.ec2.aws_security_group.ec2"
          ]
        }
      ]
    },
    {
      "module": "module.ec2",
      "mode": "managed",
      "type": "aws_vpc_security_group_ingress_rule",
      "name": "sshfrommyIP",
      "provider": "provider[\"registry.terraform.io/hashicorp/aws\"]",
      "instances": [
        {
          "schema_version": 0,
          "attributes": {
            "arn": "arn:aws:ec2:us-east-1:886436927954:security-group-rule/sgr-06605dd575d5379bf",
            "cidr_ipv4": "27.4.103.246/32",
            "cidr_ipv6": null,
            "description": null,
            "from_port": 22,
            "id": "sgr-06605dd575d5379bf",
            "ip_protocol": "tcp",
            "prefix_list_id": null,
            "referenced_security_group_id": null,
            "security_group_id": "sg-01fe29c2c05ea2f0b",
            "security_group_rule_id": "sgr-06605dd575d5379bf",
            "tags": null,
            "tags_all": {},
            "to_port": 22
          },
          "sensitive_attributes": [],
          "dependencies": [
            "module.ec2.aws_security_group.ec2"
          ]
        }
      ]
    },
    {
      "module": "module.s3",
      "mode": "managed",
      "type": "aws_s3_bucket",
      "name": "s3",
      "provider": "provider[\"registry.terraform.io/hashicorp/aws\"]",
      "instances": [
        {
          "schema_version": 0,
          "attributes": {
            "acceleration_status": "",
            "acl": null,
            "arn": "arn:aws:s3:::deploy-all-35144",
            "bucket": "deploy-all-35144",
            "bucket_domain_name": "deploy-all-35144.s3.amazonaws.com",
            "bucket_prefix": "",
            "bucket_regional_domain_name": "deploy-all-35144.s3.us-east-1.amazonaws.com",
            "cors_rule": [],
            "force_destroy": false,
            "grant": [
              {
                "id": "331716e23f48a9a77b7dbbac5c0db68699123eac6069e7ac2789cb36dc312cf4",
                "permissions": [
                  "FULL_CONTROL"
                ],
                "type": "CanonicalUser",
                "uri": ""
              }
            ],
            "hosted_zone_id": "Z3AQBSTGFYJSTF",
            "id": "deploy-all-35144",
            "lifecycle_rule": [],
            "logging": [],
            "object_lock_configuration": [],
            "object_lock_enabled": false,
            "policy": "",
            "region": "us-east-1",
            "replication_configuration": [],
            "request_payer": "BucketOwner",
            "server_side_encryption_configuration": [
              {
                "rule": [
                  {
                    "apply_server_side_encryption_by_default": [
                      {
                        "kms_master_key_id": "",
                        "sse_algorithm": "AES256"
                      }
                    ],
                    "bucket_key_enabled": false
                  }
                ]
              }
            ],
            "tags": {
              "Desc": "s3 bucket provision"
            },
            "tags_all": {
              "Desc": "s3 bucket provision"
            },
            "timeouts": null,
            "versioning": [
              {
                "enabled": false,
                "mfa_delete": false
              }
            ],
            "website": [],
            "website_domain": null,
            "website_endpoint": null
          },
          "sensitive_attributes": [],
          "private": "eyJlMmJmYjczMC1lY2FhLTExZTYtOGY4OC0zNDM2M2JjN2M0YzAiOnsiY3JlYXRlIjoxMjAwMDAwMDAwMDAwLCJkZWxldGUiOjM2MDAwMDAwMDAwMDAsInJlYWQiOjEyMDAwMDAwMDAwMDAsInVwZGF0ZSI6MTIwMDAwMDAwMDAwMH19"
        }
      ]
    }
  ],
  "check_results": null
}
