{
  "version": 4,
  "terraform_version": "1.10.5",
  "serial": 10,
  "lineage": "7f5c24db-d3af-ad75-8a6f-c8cc00229427",
  "outputs": {
    "ec2_instance_details": {
      "value": {
        "ec2-id": "i-037c87e9c90e32b41",
        "ec2-private-ip": "172.31.25.193",
        "ec2-public-ip": "98.81.139.202"
      },
      "type": [
        "object",
        {
          "ec2-id": "string",
          "ec2-private-ip": "string",
          "ec2-public-ip": "string"
        }
      ]
    },
    "s3_bucket_details": {
      "value": {
        "bucket_name": "deploy-all-35144"
      },
      "type": [
        "object",
        {
          "bucket_name": "string"
        }
      ]
    }
  },
  "resources": [
    {
      "mode": "managed",
      "type": "local_file",
      "name": "output_file",
      "provider": "provider[\"registry.terraform.io/hashicorp/local\"]",
      "instances": [
        {
          "schema_version": 0,
          "attributes": {
            "content": "EC2 Instance Details:\n  Instance ID: i-037c87e9c90e32b41\n  Public IP: 98.81.139.202\n  Private IP: 172.31.25.193\n\nS3 Bucket Details:\n  Bucket Name: deploy-all-35144\n",
            "content_base64": null,
            "content_base64sha256": "EbbOLgxbNlmNoEhuHqMN1DqQ3p5E90gAHi24hBkw++Y=",
            "content_base64sha512": "ayiXC9MStTztq8ZbzPWvBW/WVZhPVHPexmgIKjYFh005dtDbeZDYKvEUC/v3BTNAhgjHQlaOzaMQn3yazrS07A==",
            "content_md5": "dd6434848df61be8e3950973087adf8e",
            "content_sha1": "11ea74b25ec4976f9f8198a53dc4e7d2377dc7f4",
            "content_sha256": "11b6ce2e0c5b36598da0486e1ea30dd43a90de9e44f748001e2db8841930fbe6",
            "content_sha512": "6b28970bd312b53cedabc65bccf5af056fd655984f5473dec668082a3605874d3976d0db7990d82af1140bfbf70533408608c742568ecda3109f7c9aceb4b4ec",
            "directory_permission": "0777",
            "file_permission": "0777",
            "filename": "./aws_details/output.txt",
            "id": "11ea74b25ec4976f9f8198a53dc4e7d2377dc7f4",
            "sensitive_content": null,
            "source": null
          },
          "sensitive_attributes": [
            [
              {
                "type": "get_attr",
                "value": "sensitive_content"
              }
            ]
          ],
          "dependencies": [
            "module.ec2.aws_instance.inst",
            "module.ec2.aws_key_pair.keypair",
            "module.ec2.aws_security_group.ec2",
            "module.s3.aws_s3_bucket.s3"
          ]
        }
      ]
    },
    {
      "module": "module.ec2",
      "mode": "managed",
      "type": "aws_instance",
      "name": "inst",
      "provider": "provider[\"registry.terraform.io/hashicorp/aws\"]",
      "instances": [
        {
          "schema_version": 1,
          "attributes": {
            "ami": "ami-0ac4dfaf1c5c0cce9",
            "arn": "arn:aws:ec2:us-east-1:886436927954:instance/i-037c87e9c90e32b41",
            "associate_public_ip_address": true,
            "availability_zone": "us-east-1a",
            "capacity_reservation_specification": [
              {
                "capacity_reservation_preference": "open",
                "capacity_reservation_target": []
              }
            ],
            "cpu_core_count": 1,
            "cpu_options": [
              {
                "amd_sev_snp": "",
                "core_count": 1,
                "threads_per_core": 1
              }
            ],
            "cpu_threads_per_core": 1,
            "credit_specification": [
              {
                "cpu_credits": "standard"
              }
            ],
            "disable_api_stop": false,
            "disable_api_termination": false,
            "ebs_block_device": [],
            "ebs_optimized": false,
            "enable_primary_ipv6": null,
            "enclave_options": [
              {
                "enabled": false
              }
            ],
            "ephemeral_block_device": [],
            "get_password_data": false,
            "hibernation": false,
            "host_id": "",
            "host_resource_group_arn": null,
            "iam_instance_profile": "",
            "id": "i-037c87e9c90e32b41",
            "instance_initiated_shutdown_behavior": "stop",
            "instance_lifecycle": "",
            "instance_market_options": [],
            "instance_state": "running",
            "instance_type": "t2.micro",
            "ipv6_address_count": 0,
            "ipv6_addresses": [],
            "key_name": "mykeypair",
            "launch_template": [],
            "maintenance_options": [
              {
                "auto_recovery": "default"
              }
            ],
            "metadata_options": [
              {
                "http_endpoint": "enabled",
                "http_protocol_ipv6": "disabled",
                "http_put_response_hop_limit": 2,
                "http_tokens": "required",
                "instance_metadata_tags": "disabled"
              }
            ],
            "monitoring": false,
            "network_interface": [],
            "outpost_arn": "",
            "password_data": "",
            "placement_group": "",
            "placement_partition_number": 0,
            "primary_network_interface_id": "eni-0a74407b1127231d0",
            "private_dns": "ip-172-31-25-193.ec2.internal",
            "private_dns_name_options": [
              {
                "enable_resource_name_dns_a_record": false,
                "enable_resource_name_dns_aaaa_record": false,
                "hostname_type": "ip-name"
              }
            ],
            "private_ip": "172.31.25.193",
            "public_dns": "ec2-98-81-139-202.compute-1.amazonaws.com",
            "public_ip": "98.81.139.202",
            "root_block_device": [
              {
                "delete_on_termination": true,
                "device_name": "/dev/xvda",
                "encrypted": false,
                "iops": 3000,
                "kms_key_id": "",
                "tags": {},
                "tags_all": {},
                "throughput": 125,
                "volume_id": "vol-020137b05caac88eb",
                "volume_size": 8,
                "volume_type": "gp3"
              }
            ],
            "secondary_private_ips": [],
            "security_groups": [
              "ec2"
            ],
            "source_dest_check": true,
            "spot_instance_request_id": "",
            "subnet_id": "subnet-0f3b00f5579f6dd0b",
            "tags": {
              "Desc": "Terraform EC2 instance"
            },
            "tags_all": {
              "Desc": "Terraform EC2 instance"
            },
            "tenancy": "default",
            "timeouts": null,
            "user_data": null,
            "user_data_base64": null,
            "user_data_replace_on_change": false,
            "volume_tags": null,
            "vpc_security_group_ids": [
              "sg-0afca08fbd62f316c"
            ]
          },
          "sensitive_attributes": [],
          "private": "eyJlMmJmYjczMC1lY2FhLTExZTYtOGY4OC0zNDM2M2JjN2M0YzAiOnsiY3JlYXRlIjo2MDAwMDAwMDAwMDAsImRlbGV0ZSI6MTIwMDAwMDAwMDAwMCwicmVhZCI6OTAwMDAwMDAwMDAwLCJ1cGRhdGUiOjYwMDAwMDAwMDAwMH0sInNjaGVtYV92ZXJzaW9uIjoiMSJ9",
          "dependencies": [
            "module.ec2.aws_key_pair.keypair",
            "module.ec2.aws_security_group.ec2"
          ]
        }
      ]
    },
    {
      "module": "module.ec2",
      "mode": "managed",
      "type": "aws_key_pair",
      "name": "keypair",
      "provider": "provider[\"registry.terraform.io/hashicorp/aws\"]",
      "instances": [
        {
          "schema_version": 1,
          "attributes": {
            "arn": "arn:aws:ec2:us-east-1:886436927954:key-pair/mykeypair",
            "fingerprint": "cb:57:8b:16:7c:f0:f4:72:df:81:b5:21:ea:4c:42:b0",
            "id": "mykeypair",
            "key_name": "mykeypair",
            "key_name_prefix": "",
            "key_pair_id": "key-00f3265617d4854cf",
            "key_type": "rsa",
            "public_key": "ssh-rsa AAAAB3NzaC1yc2EAAAADAQABAAACAQDvbyVi1KFVb3O9cBlDS+zMhm0RrVHdzUHbr5zo/fLx9MqNr8Zkn0i4rJdA3/mNY+671ZJdhHEMe33u2+EkTk+Sjxrhv/QLTHeOeCaSZsF2Iyz/kgQcUrluJJe9H5JvP6244jeloh6/pTk1FQV+clB4lhbDBnhZsM/+5Cj9WQSHvq2egUse8BO5UYN2I3e2Rpu95rtv8CmXVuXT9rj0gZ9mNAa9LxRSEIbYJf5z3QC23J3nfF0/9gSEWrv2M6yoX5TBAQ/nlJK1F1kp9pANH+tQDwSQRM4ZlE36crB/NN2MKWeP/9I2/fQJvu4JmpnHLIeCVSCJcW2ItVklExbt/f83uJ8rp4H5WK4OJ7hj/fovqH3NlbozAyjqoZpyV7F0Flh6XGkTzWqNVpgsLtZka91sLNau4PhhmAFIm6GEZ5GiqsXm4lecrFTu8EIeGu4+8K5xTKtHbYNSir6ByTyWZV6Wyr1eNPIgm4MJIfVsNRl2tUS5GinmdLq8aVUYCmxb1T02cJ8nPMzYg8kXScb7xpuU065xGgCcgPf8vqwfgZ7PI09gLWLG/LHfGTZo2qNy7+rR2uKfGEU6F2hk0AvBQG1q0Pwkz0LSOQGoc5PPAAeifljf5faPHxenBrrKXoARo3o9oq2JSS/QVjYKZAauKuAqRZwLSqSXvZyFAWuOTWUWTQ== shivaram@Shivarams-MacBook-Air-2.local",
            "tags": null,
            "tags_all": {}
          },
          "sensitive_attributes": [],
          "private": "eyJzY2hlbWFfdmVyc2lvbiI6IjEifQ=="
        }
      ]
    },
    {
      "module": "module.ec2",
      "mode": "managed",
      "type": "aws_security_group",
      "name": "ec2",
      "provider": "provider[\"registry.terraform.io/hashicorp/aws\"]",
      "instances": [
        {
          "schema_version": 1,
          "attributes": {
            "arn": "arn:aws:ec2:us-east-1:886436927954:security-group/sg-0afca08fbd62f316c",
            "description": "ec2 security group",
            "egress": [],
            "id": "sg-0afca08fbd62f316c",
            "ingress": [],
            "name": "ec2",
            "name_prefix": "",
            "owner_id": "886436927954",
            "revoke_rules_on_delete": false,
            "tags": {
              "Name": "ec2"
            },
            "tags_all": {
              "Name": "ec2"
            },
            "timeouts": null,
            "vpc_id": "vpc-010d7a8657089e1b8"
          },
          "sensitive_attributes": [],
          "private": "eyJlMmJmYjczMC1lY2FhLTExZTYtOGY4OC0zNDM2M2JjN2M0YzAiOnsiY3JlYXRlIjo2MDAwMDAwMDAwMDAsImRlbGV0ZSI6OTAwMDAwMDAwMDAwfSwic2NoZW1hX3ZlcnNpb24iOiIxIn0="
        }
      ]
    },
    {
      "module": "module.ec2",
      "mode": "managed",
      "type": "aws_vpc_security_group_egress_rule",
      "name": "allowalloutbound_ipv4",
      "provider": "provider[\"registry.terraform.io/hashicorp/aws\"]",
      "instances": [
        {
          "schema_version": 0,
          "attributes": {
            "arn": "arn:aws:ec2:us-east-1:886436927954:security-group-rule/sgr-00c45b1408952f9af",
            "cidr_ipv4": "0.0.0.0/0",
            "cidr_ipv6": null,
            "description": null,
            "from_port": null,
            "id": "sgr-00c45b1408952f9af",
            "ip_protocol": "-1",
            "prefix_list_id": null,
            "referenced_security_group_id": null,
            "security_group_id": "sg-0afca08fbd62f316c",
            "security_group_rule_id": "sgr-00c45b1408952f9af",
            "tags": null,
            "tags_all": {},
            "to_port": null
          },
          "sensitive_attributes": [],
          "dependencies": [
            "module.ec2.aws_security_group.ec2"
          ]
        }
      ]
    },
    {
      "module": "module.ec2",
      "mode": "managed",
      "type": "aws_vpc_security_group_egress_rule",
      "name": "allowalloutbound_ipv6",
      "provider": "provider[\"registry.terraform.io/hashicorp/aws\"]",
      "instances": [
        {
          "schema_version": 0,
          "attributes": {
            "arn": "arn:aws:ec2:us-east-1:886436927954:security-group-rule/sgr-0ce7d303b0c1787ae",
            "cidr_ipv4": null,
            "cidr_ipv6": "::/0",
            "description": null,
            "from_port": null,
            "id": "sgr-0ce7d303b0c1787ae",
            "ip_protocol": "-1",
            "prefix_list_id": null,
            "referenced_security_group_id": null,
            "security_group_id": "sg-0afca08fbd62f316c",
            "security_group_rule_id": "sgr-0ce7d303b0c1787ae",
            "tags": null,
            "tags_all": {},
            "to_port": null
          },
          "sensitive_attributes": [],
          "dependencies": [
            "module.ec2.aws_security_group.ec2"
          ]
        }
      ]
    },
    {
      "module": "module.ec2",
      "mode": "managed",
      "type": "aws_vpc_security_group_ingress_rule",
      "name": "allowhttp",
      "provider": "provider[\"registry.terraform.io/hashicorp/aws\"]",
      "instances": [
        {
          "schema_version": 0,
          "attributes": {
            "arn": "arn:aws:ec2:us-east-1:886436927954:security-group-rule/sgr-0f07e0d0cba33eab2",
            "cidr_ipv4": "0.0.0.0/0",
            "cidr_ipv6": null,
            "description": null,
            "from_port": 80,
            "id": "sgr-0f07e0d0cba33eab2",
            "ip_protocol": "tcp",
            "prefix_list_id": null,
            "referenced_security_group_id": null,
            "security_group_id": "sg-0afca08fbd62f316c",
            "security_group_rule_id": "sgr-0f07e0d0cba33eab2",
            "tags": null,
            "tags_all": {},
            "to_port": 80
          },
          "sensitive_attributes": [],
          "dependencies": [
            "module.ec2.aws_security_group.ec2"
          ]
        }
      ]
    },
    {
      "module": "module.ec2",
      "mode": "managed",
      "type": "aws_vpc_security_group_ingress_rule",
      "name": "sshfrommyIP",
      "provider": "provider[\"registry.terraform.io/hashicorp/aws\"]",
      "instances": [
        {
          "schema_version": 0,
          "attributes": {
            "arn": "arn:aws:ec2:us-east-1:886436927954:security-group-rule/sgr-05097af113e498016",
            "cidr_ipv4": "27.4.103.246/32",
            "cidr_ipv6": null,
            "description": null,
            "from_port": 22,
            "id": "sgr-05097af113e498016",
            "ip_protocol": "tcp",
            "prefix_list_id": null,
            "referenced_security_group_id": null,
            "security_group_id": "sg-0afca08fbd62f316c",
            "security_group_rule_id": "sgr-05097af113e498016",
            "tags": null,
            "tags_all": {},
            "to_port": 22
          },
          "sensitive_attributes": [],
          "dependencies": [
            "module.ec2.aws_security_group.ec2"
          ]
        }
      ]
    },
    {
      "module": "module.s3",
      "mode": "managed",
      "type": "aws_s3_bucket",
      "name": "s3",
      "provider": "provider[\"registry.terraform.io/hashicorp/aws\"]",
      "instances": [
        {
          "schema_version": 0,
          "attributes": {
            "acceleration_status": "",
            "acl": null,
            "arn": "arn:aws:s3:::deploy-all-35144",
            "bucket": "deploy-all-35144",
            "bucket_domain_name": "deploy-all-35144.s3.amazonaws.com",
            "bucket_prefix": "",
            "bucket_regional_domain_name": "deploy-all-35144.s3.us-east-1.amazonaws.com",
            "cors_rule": [],
            "force_destroy": false,
            "grant": [
              {
                "id": "331716e23f48a9a77b7dbbac5c0db68699123eac6069e7ac2789cb36dc312cf4",
                "permissions": [
                  "FULL_CONTROL"
                ],
                "type": "CanonicalUser",
                "uri": ""
              }
            ],
            "hosted_zone_id": "Z3AQBSTGFYJSTF",
            "id": "deploy-all-35144",
            "lifecycle_rule": [],
            "logging": [],
            "object_lock_configuration": [],
            "object_lock_enabled": false,
            "policy": "",
            "region": "us-east-1",
            "replication_configuration": [],
            "request_payer": "BucketOwner",
            "server_side_encryption_configuration": [
              {
                "rule": [
                  {
                    "apply_server_side_encryption_by_default": [
                      {
                        "kms_master_key_id": "",
                        "sse_algorithm": "AES256"
                      }
                    ],
                    "bucket_key_enabled": false
                  }
                ]
              }
            ],
            "tags": {
              "Desc": "s3 bucket provision"
            },
            "tags_all": {
              "Desc": "s3 bucket provision"
            },
            "timeouts": null,
            "versioning": [
              {
                "enabled": false,
                "mfa_delete": false
              }
            ],
            "website": [],
            "website_domain": null,
            "website_endpoint": null
          },
          "sensitive_attributes": [],
          "private": "eyJlMmJmYjczMC1lY2FhLTExZTYtOGY4OC0zNDM2M2JjN2M0YzAiOnsiY3JlYXRlIjoxMjAwMDAwMDAwMDAwLCJkZWxldGUiOjM2MDAwMDAwMDAwMDAsInJlYWQiOjEyMDAwMDAwMDAwMDAsInVwZGF0ZSI6MTIwMDAwMDAwMDAwMH19"
        }
      ]
    }
  ],
  "check_results": null
}
